Microsoft Visual Studio Solution File, Format Version 12.00
# Visual Studio 14
VisualStudioVersion = 14.0.25420.1
MinimumVisualStudioVersion = 10.0.40219.1
Project("{FAE04EC0-301F-11D3-BF4B-00C04F79EFBC}") = "BeerOrCoffee", "BeerOrCoffee\BeerOrCoffee.csproj", "{E1C86625-CCEC-47D3-8670-DB6A5170C9B2}"
EndProject
Project("{FAE04EC0-301F-11D3-BF4B-00C04F79EFBC}") = "BeerOrCoffee.iOS", "iOS\BeerOrCoffee.iOS.csproj", "{CB91CAFF-AB24-486B-B255-F4951430E458}"
EndProject
Project("{FAE04EC0-301F-11D3-BF4B-00C04F79EFBC}") = "BeerOrCoffee.Droid", "Droid\BeerOrCoffee.Droid.csproj", "{559B118A-D292-42CD-A8FA-D1ECBE2B378D}"
EndProject
Project("{FAE04EC0-301F-11D3-BF4B-00C04F79EFBC}") = "BeerOrCoffee.UnitTest", "BeerOrCoffee.UnitTest\BeerOrCoffee.UnitTest.csproj", "{BA4DE4A5-0EB2-4FF0-AFED-160304EA9728}"
EndProject
Global
	GlobalSection(SolutionConfigurationPlatforms) = preSolution
		Debug|Any CPU = Debug|Any CPU
		Debug|iPhone = Debug|iPhone
		Debug|iPhoneSimulator = Debug|iPhoneSimulator
		Release|Any CPU = Release|Any CPU
		Release|iPhone = Release|iPhone
		Release|iPhoneSimulator = Release|iPhoneSimulator
	EndGlobalSection
	GlobalSection(ProjectConfigurationPlatforms) = postSolution
		{E1C86625-CCEC-47D3-8670-DB6A5170C9B2}.Debug|Any CPU.ActiveCfg = Debug|Any CPU
		{E1C86625-CCEC-47D3-8670-DB6A5170C9B2}.Debug|Any CPU.Build.0 = Debug|Any CPU
		{E1C86625-CCEC-47D3-8670-DB6A5170C9B2}.Debug|iPhone.ActiveCfg = Debug|Any CPU
		{E1C86625-CCEC-47D3-8670-DB6A5170C9B2}.Debug|iPhone.Build.0 = Debug|Any CPU
		{E1C86625-CCEC-47D3-8670-DB6A5170C9B2}.Debug|iPhoneSimulator.ActiveCfg = Debug|Any CPU
		{E1C86625-CCEC-47D3-8670-DB6A5170C9B2}.Debug|iPhoneSimulator.Build.0 = Debug|Any CPU
		{E1C86625-CCEC-47D3-8670-DB6A5170C9B2}.Release|Any CPU.ActiveCfg = Release|Any CPU
		{E1C86625-CCEC-47D3-8670-DB6A5170C9B2}.Release|Any CPU.Build.0 = Release|Any CPU
		{E1C86625-CCEC-47D3-8670-DB6A5170C9B2}.Release|iPhone.ActiveCfg = Release|Any CPU
		{E1C86625-CCEC-47D3-8670-DB6A5170C9B2}.Release|iPhone.Build.0 = Release|Any CPU
		{E1C86625-CCEC-47D3-8670-DB6A5170C9B2}.Release|iPhoneSimulator.ActiveCfg = Release|Any CPU
		{E1C86625-CCEC-47D3-8670-DB6A5170C9B2}.Release|iPhoneSimulator.Build.0 = Release|Any CPU
		{CB91CAFF-AB24-486B-B255-F4951430E458}.Debug|Any CPU.ActiveCfg = Debug|iPhoneSimulator
		{CB91CAFF-AB24-486B-B255-F4951430E458}.Debug|Any CPU.Build.0 = Debug|iPhoneSimulator
		{CB91CAFF-AB24-486B-B255-F4951430E458}.Debug|iPhone.ActiveCfg = Debug|iPhone
		{CB91CAFF-AB24-486B-B255-F4951430E458}.Debug|iPhone.Build.0 = Debug|iPhone
		{CB91CAFF-AB24-486B-B255-F4951430E458}.Debug|iPhoneSimulator.ActiveCfg = Debug|iPhoneSimulator
		{CB91CAFF-AB24-486B-B255-F4951430E458}.Debug|iPhoneSimulator.Build.0 = Debug|iPhoneSimulator
		{CB91CAFF-AB24-486B-B255-F4951430E458}.Release|Any CPU.ActiveCfg = Release|iPhone
		{CB91CAFF-AB24-486B-B255-F4951430E458}.Release|Any CPU.Build.0 = Release|iPhone
		{CB91CAFF-AB24-486B-B255-F4951430E458}.Release|iPhone.ActiveCfg = Release|iPhone
		{CB91CAFF-AB24-486B-B255-F4951430E458}.Release|iPhone.Build.0 = Release|iPhone
		{CB91CAFF-AB24-486B-B255-F4951430E458}.Release|iPhoneSimulator.ActiveCfg = Release|iPhoneSimulator
		{CB91CAFF-AB24-486B-B255-F4951430E458}.Release|iPhoneSimulator.Build.0 = Release|iPhoneSimulator
		{559B118A-D292-42CD-A8FA-D1ECBE2B378D}.Debug|Any CPU.ActiveCfg = Debug|Any CPU
		{559B118A-D292-42CD-A8FA-D1ECBE2B378D}.Debug|Any CPU.Build.0 = Debug|Any CPU
		{559B118A-D292-42CD-A8FA-D1ECBE2B378D}.Debug|iPhone.ActiveCfg = Debug|Any CPU
		{559B118A-D292-42CD-A8FA-D1ECBE2B378D}.Debug|iPhone.Build.0 = Debug|Any CPU
		{559B118A-D292-42CD-A8FA-D1ECBE2B378D}.Debug|iPhoneSimulator.ActiveCfg = Debug|Any CPU
		{559B118A-D292-42CD-A8FA-D1ECBE2B378D}.Debug|iPhoneSimulator.Build.0 = Debug|Any CPU
		{559B118A-D292-42CD-A8FA-D1ECBE2B378D}.Release|Any CPU.ActiveCfg = Release|Any CPU
		{559B118A-D292-42CD-A8FA-D1ECBE2B378D}.Release|Any CPU.Build.0 = Release|Any CPU
		{559B118A-D292-42CD-A8FA-D1ECBE2B378D}.Release|iPhone.ActiveCfg = Release|Any CPU
		{559B118A-D292-42CD-A8FA-D1ECBE2B378D}.Release|iPhone.Build.0 = Release|Any CPU
		{559B118A-D292-42CD-A8FA-D1ECBE2B378D}.Release|iPhoneSimulator.ActiveCfg = Release|Any CPU
		{559B118A-D292-42CD-A8FA-D1ECBE2B378D}.Release|iPhoneSimulator.Build.0 = Release|Any CPU
		{BA4DE4A5-0EB2-4FF0-AFED-160304EA9728}.Debug|Any CPU.ActiveCfg = Debug|Any CPU
		{BA4DE4A5-0EB2-4FF0-AFED-160304EA9728}.Debug|Any CPU.Build.0 = Debug|Any CPU
		{BA4DE4A5-0EB2-4FF0-AFED-160304EA9728}.Debug|iPhone.ActiveCfg = Debug|Any CPU
		{BA4DE4A5-0EB2-4FF0-AFED-160304EA9728}.Debug|iPhone.Build.0 = Debug|Any CPU
		{BA4DE4A5-0EB2-4FF0-AFED-160304EA9728}.Debug|iPhoneSimulator.ActiveCfg = Debug|Any CPU
		{BA4DE4A5-0EB2-4FF0-AFED-160304EA9728}.Debug|iPhoneSimulator.Build.0 = Debug|Any CPU
		{BA4DE4A5-0EB2-4FF0-AFED-160304EA9728}.Release|Any CPU.ActiveCfg = Release|Any CPU
		{BA4DE4A5-0EB2-4FF0-AFED-160304EA9728}.Release|Any CPU.Build.0 = Release|Any CPU
		{BA4DE4A5-0EB2-4FF0-AFED-160304EA9728}.Release|iPhone.ActiveCfg = Release|Any CPU
		{BA4DE4A5-0EB2-4FF0-AFED-160304EA9728}.Release|iPhone.Build.0 = Release|Any CPU
		{BA4DE4A5-0EB2-4FF0-AFED-160304EA9728}.Release|iPhoneSimulator.ActiveCfg = Release|Any CPU
		{BA4DE4A5-0EB2-4FF0-AFED-160304EA9728}.Release|iPhoneSimulator.Build.0 = Release|Any CPU
	EndGlobalSection
	GlobalSection(SolutionProperties) = preSolution
		HideSolutionNode = FALSE
	EndGlobalSection
EndGlobal
